
Microsoft Visual Studio Solution File, Format Version 12.00
# Visual Studio 15
VisualStudioVersion = 15.0.27703.2018
MinimumVisualStudioVersion = 10.0.40219.1
Project("{FAE04EC0-301F-11D3-BF4B-00C04F79EFBC}") = "Evaluation_ASPNET_TECHNOBOOK", "Evaluation_ASPNET_TECHNOBOOK\Evaluation_ASPNET_TECHNOBOOK.csproj", "{61846254-BC4B-4F7A-845D-443A01C19418}"
EndProject
Project("{00D1A9C2-B5F0-4AF3-8072-F6C62B433612}") = "TechnobookSQL", "TechnobookSQL\TechnobookSQL.sqlproj", "{1752941D-E8B0-4EC9-BBD3-9C04ED675812}"
EndProject
Project("{FAE04EC0-301F-11D3-BF4B-00C04F79EFBC}") = "Model.Client", "Model.Client\Model.Client.csproj", "{29C8927C-15E2-4AB1-A50F-80EC9794442A}"
EndProject
Project("{FAE04EC0-301F-11D3-BF4B-00C04F79EFBC}") = "Model.Global", "Model.Global\Model.Global.csproj", "{72FE59F8-8C9B-4C3E-9D27-9C28D307187D}"
EndProject
Global
	GlobalSection(SolutionConfigurationPlatforms) = preSolution
		Debug|Any CPU = Debug|Any CPU
		Release|Any CPU = Release|Any CPU
	EndGlobalSection
	GlobalSection(ProjectConfigurationPlatforms) = postSolution
		{61846254-BC4B-4F7A-845D-443A01C19418}.Debug|Any CPU.ActiveCfg = Debug|Any CPU
		{61846254-BC4B-4F7A-845D-443A01C19418}.Debug|Any CPU.Build.0 = Debug|Any CPU
		{61846254-BC4B-4F7A-845D-443A01C19418}.Release|Any CPU.ActiveCfg = Release|Any CPU
		{61846254-BC4B-4F7A-845D-443A01C19418}.Release|Any CPU.Build.0 = Release|Any CPU
		{1752941D-E8B0-4EC9-BBD3-9C04ED675812}.Debug|Any CPU.ActiveCfg = Debug|Any CPU
		{1752941D-E8B0-4EC9-BBD3-9C04ED675812}.Debug|Any CPU.Build.0 = Debug|Any CPU
		{1752941D-E8B0-4EC9-BBD3-9C04ED675812}.Debug|Any CPU.Deploy.0 = Debug|Any CPU
		{1752941D-E8B0-4EC9-BBD3-9C04ED675812}.Release|Any CPU.ActiveCfg = Release|Any CPU
		{1752941D-E8B0-4EC9-BBD3-9C04ED675812}.Release|Any CPU.Build.0 = Release|Any CPU
		{1752941D-E8B0-4EC9-BBD3-9C04ED675812}.Release|Any CPU.Deploy.0 = Release|Any CPU
		{29C8927C-15E2-4AB1-A50F-80EC9794442A}.Debug|Any CPU.ActiveCfg = Debug|Any CPU
		{29C8927C-15E2-4AB1-A50F-80EC9794442A}.Debug|Any CPU.Build.0 = Debug|Any CPU
		{29C8927C-15E2-4AB1-A50F-80EC9794442A}.Release|Any CPU.ActiveCfg = Release|Any CPU
		{29C8927C-15E2-4AB1-A50F-80EC9794442A}.Release|Any CPU.Build.0 = Release|Any CPU
		{72FE59F8-8C9B-4C3E-9D27-9C28D307187D}.Debug|Any CPU.ActiveCfg = Debug|Any CPU
		{72FE59F8-8C9B-4C3E-9D27-9C28D307187D}.Debug|Any CPU.Build.0 = Debug|Any CPU
		{72FE59F8-8C9B-4C3E-9D27-9C28D307187D}.Release|Any CPU.ActiveCfg = Release|Any CPU
		{72FE59F8-8C9B-4C3E-9D27-9C28D307187D}.Release|Any CPU.Build.0 = Release|Any CPU
	EndGlobalSection
	GlobalSection(SolutionProperties) = preSolution
		HideSolutionNode = FALSE
	EndGlobalSection
	GlobalSection(ExtensibilityGlobals) = postSolution
		SolutionGuid = {CDA7FBB3-B8EF-4F21-9D87-FC65E408F7FF}
	EndGlobalSection
EndGlobal
